{
    "name": "vscode-code-snapshot",
    "version": "0.0.1",
    "lockfileVersion": 3,
    "requires": true,
    "packages": {
        "": {
            "name": "vscode-code-snapshot",
            "version": "0.0.1",
            "devDependencies": {
                "@types/node": "^16.18.123",
                "@types/uuid": "^8.3.4",
                "@types/vscode": "^1.96.0",
                "typescript": "^4.9.5",
                "uuid": "^8.3.2"
            },
            "engines": {
                "vscode": "^1.60.0"
            }
        },
        "node_modules/@types/node": {
            "version": "16.18.123",
            "resolved": "https://registry.npmmirror.com/@types/node/-/node-16.18.123.tgz",
            "integrity": "sha512-/n7I6V/4agSpJtFDKKFEa763Hc1z3hmvchobHS1TisCOTKD5nxq8NJ2iK7SRIMYL276Q9mgWOx2AWp5n2XI6eA==",
            "dev": true,
            "license": "MIT"
        },
        "node_modules/@types/uuid": {
            "version": "8.3.4",
            "resolved": "https://registry.npmmirror.com/@types/uuid/-/uuid-8.3.4.tgz",
            "integrity": "sha512-c/I8ZRb51j+pYGAu5CrFMRxqZ2ke4y2grEBO5AUjgSkSk+qT2Ea+OdWElz/OiMf5MNpn2b17kuVBwZLQJXzihw==",
            "dev": true,
            "license": "MIT"
        },
        "node_modules/@types/vscode": {
            "version": "1.96.0",
            "resolved": "https://registry.npmmirror.com/@types/vscode/-/vscode-1.96.0.tgz",
            "integrity": "sha512-qvZbSZo+K4ZYmmDuaodMbAa67Pl6VDQzLKFka6rq+3WUTY4Kro7Bwoi0CuZLO/wema0ygcmpwow7zZfPJTs5jg==",
            "dev": true,
            "license": "MIT"
        },
        "node_modules/typescript": {
            "version": "4.9.5",
            "resolved": "https://registry.npmmirror.com/typescript/-/typescript-4.9.5.tgz",
            "integrity": "sha512-1FXk9E2Hm+QzZQ7z+McJiHL4NW1F2EzMu9Nq9i3zAaGqibafqYwCVU6WyWAuyQRRzOlxou8xZSyXLEN8oKj24g==",
            "dev": true,
            "license": "Apache-2.0",
            "bin": {
                "tsc": "bin/tsc",
                "tsserver": "bin/tsserver"
            },
            "engines": {
                "node": ">=4.2.0"
            }
        },
        "node_modules/uuid": {
            "version": "8.3.2",
            "resolved": "https://registry.npmmirror.com/uuid/-/uuid-8.3.2.tgz",
            "integrity": "sha512-+NYs2QeMWy+GWFOEm9xnn6HCDp0l7QBD7ml8zLUmJ+93Q5NF0NocErnwkTkXVFNiX3/fpC6afS8Dhb/gz7R7eg==",
            "dev": true,
            "license": "MIT",
            "bin": {
                "uuid": "dist/bin/uuid"
            }
        }
    }
}
